
Microsoft Visual Studio Solution File, Format Version 12.00
# Visual Studio 15
VisualStudioVersion = 15.0.26403.7
MinimumVisualStudioVersion = 10.0.40219.1
Project("{FAE04EC0-301F-11D3-BF4B-00C04F79EFBC}") = "TextList", "TextList\TextList.csproj", "{EF2FF766-2E7F-4E8D-AFB0-2750FCC72855}"
EndProject
Global
	GlobalSection(SolutionConfigurationPlatforms) = preSolution
		Debug|Any CPU = Debug|Any CPU
		Release|Any CPU = Release|Any CPU
	EndGlobalSection
	GlobalSection(ProjectConfigurationPlatforms) = postSolution
		{EF2FF766-2E7F-4E8D-AFB0-2750FCC72855}.Debug|Any CPU.ActiveCfg = Debug|Any CPU
		{EF2FF766-2E7F-4E8D-AFB0-2750FCC72855}.Debug|Any CPU.Build.0 = Debug|Any CPU
		{EF2FF766-2E7F-4E8D-AFB0-2750FCC72855}.Release|Any CPU.ActiveCfg = Release|Any CPU
		{EF2FF766-2E7F-4E8D-AFB0-2750FCC72855}.Release|Any CPU.Build.0 = Release|Any CPU
	EndGlobalSection
	GlobalSection(SolutionProperties) = preSolution
		HideSolutionNode = FALSE
	EndGlobalSection
EndGlobal
